
Microsoft Visual Studio Solution File, Format Version 12.00
# Visual Studio Version 17
VisualStudioVersion = 17.11.35312.102
MinimumVisualStudioVersion = 10.0.40219.1
Project("{FAE04EC0-301F-11D3-BF4B-00C04F79EFBC}") = "Aleksa_Subasic_98_20_BookStore", "Aleksa_Subasic_98_20_BookStore\Aleksa_Subasic_98_20_BookStore.csproj", "{4EDFB3E8-19D6-4BB4-9475-522521944F88}"
EndProject
Global
	GlobalSection(SolutionConfigurationPlatforms) = preSolution
		Debug|Any CPU = Debug|Any CPU
		Release|Any CPU = Release|Any CPU
	EndGlobalSection
	GlobalSection(ProjectConfigurationPlatforms) = postSolution
		{4EDFB3E8-19D6-4BB4-9475-522521944F88}.Debug|Any CPU.ActiveCfg = Debug|Any CPU
		{4EDFB3E8-19D6-4BB4-9475-522521944F88}.Debug|Any CPU.Build.0 = Debug|Any CPU
		{4EDFB3E8-19D6-4BB4-9475-522521944F88}.Debug|Any CPU.Deploy.0 = Debug|Any CPU
		{4EDFB3E8-19D6-4BB4-9475-522521944F88}.Release|Any CPU.ActiveCfg = Release|Any CPU
		{4EDFB3E8-19D6-4BB4-9475-522521944F88}.Release|Any CPU.Build.0 = Release|Any CPU
		{4EDFB3E8-19D6-4BB4-9475-522521944F88}.Release|Any CPU.Deploy.0 = Release|Any CPU
	EndGlobalSection
	GlobalSection(SolutionProperties) = preSolution
		HideSolutionNode = FALSE
	EndGlobalSection
	GlobalSection(ExtensibilityGlobals) = postSolution
		SolutionGuid = {4CC8E982-EED6-4EEE-ADA5-DE836E3E2D5B}
	EndGlobalSection
EndGlobal
